{
  "name": "instagram-stager",
  "version": "1.0.0",
  "lockfileVersion": 3,
  "requires": true,
  "packages": {
    "": {
      "name": "instagram-stager",
      "version": "1.0.0",
      "dependencies": {
        "@dnd-kit/core": "^6.3.1",
        "@dnd-kit/utilities": "^3.2.2",
        "react": "^19.1.1",
        "react-dom": "^19.1.1"
      },
      "devDependencies": {
        "@types/react": "^19.1.12",
        "@types/react-dom": "^19.1.9",
        "@vitejs/plugin-react": "^5.0.2",
        "typescript": "^5.9.2",
        "vite": "^7.1.4"
      }
    },
    "node_modules/@babel/code-frame": {
      "version": "7.29.7",
      "resolved": "https://registry.npmjs.org/@babel/code-frame/-/code-frame-7.29.7.tgz",
      "integrity": "sha512-Aup7aUOfpbAUg2ROOJN6Iw5f9DMBlzu0mIkm/malLQFN/YQgO48wCj0Kxa3sEHJvPVFg7siR+qRInwXd2qhQKw==",
      "dev": true,
      "dependencies": {
        "@babel/helper-validator-identifier": "^7.29.7",
        "js-tokens": "^4.0.0",
        "picocolors": "^1.1.1"
      },
      "engines": {
        "node": ">=6.9.0"
      }
    }
  }
}
